lockfileVersion: '9.0'

settings:
  autoInstallPeers: true
  excludeLinksFromLockfile: false

importers:

  .:
    dependencies:
      '@tanstack/react-query':
        specifier: ^5.90.10
        version: 5.90.10(react@19.2.0)

packages:

  '@tanstack/query-core@5.90.10':
    resolution: {integrity: sha512-EhZVFu9rl7GfRNuJLJ3Y7wtbTnENsvzp+YpcAV7kCYiXni1v8qZh++lpw4ch4rrwC0u/EZRnBHIehzCGzwXDSQ==}

  '@tanstack/react-query@5.90.10':
    resolution: {integrity: sha512-BKLss9Y8PQ9IUjPYQiv3/Zmlx92uxffUOX8ZZNoQlCIZBJPT5M+GOMQj7xislvVQ6l1BstBjcX0XB/aHfFYVNw==}
    peerDependencies:
      react: ^18 || ^19

  react@19.2.0:
    resolution: {integrity: sha512-tmbWg6W31tQLeB5cdIBOicJDJRR2KzXsV7uSK9iNfLWQ5bIZfxuPEHp7M8wiHyHnn0DD1i7w3Zmin0FtkrwoCQ==}
    engines: {node: '>=0.10.0'}

snapshots:

  '@tanstack/query-core@5.90.10': {}

  '@tanstack/react-query@5.90.10(react@19.2.0)':
    dependencies:
      '@tanstack/query-core': 5.90.10
      react: 19.2.0

  react@19.2.0: {}
